{
  "name": "easyui",
  "version": "1.0.0",
  "lockfileVersion": 1,
  "requires": true,
  "dependencies": {
    "jquery-easyui": {
      "version": "1.5.21",
      "resolved": "https://registry.npmjs.org/jquery-easyui/-/jquery-easyui-1.5.21.tgz",
      "integrity": "sha1-U2ghpdK+/ud4wbaumuLvShJLELs="
    }
  }
}
