{
  "requires": true,
  "lockfileVersion": 1,
  "dependencies": {
    "layui-src": {
      "version": "2.5.4",
      "resolved": "https://registry.npmjs.org/layui-src/-/layui-src-2.5.4.tgz",
      "integrity": "sha512-2B/vBSPDutRj7Hr3AaX36bqBhCkxiaRDhMpkf7S4cKm8uKQDULmbPefV5FRU1b5un52SGyzCqnlpvQArZPj22w=="
    }
  }
}
